
Microsoft Visual Studio Solution File, Format Version 12.00
# Visual Studio Version 16
VisualStudioVersion = 16.0.31702.278
MinimumVisualStudioVersion = 10.0.40219.1
Project("{FAE04EC0-301F-11D3-BF4B-00C04F79EFBC}") = "zadanie4-tydzien2", "zadanie4-tydzien2\zadanie4-tydzien2.csproj", "{733F5664-62B7-4902-9B31-F97BB315B8EA}"
EndProject
Global
	GlobalSection(SolutionConfigurationPlatforms) = preSolution
		Debug|Any CPU = Debug|Any CPU
		Release|Any CPU = Release|Any CPU
	EndGlobalSection
	GlobalSection(ProjectConfigurationPlatforms) = postSolution
		{733F5664-62B7-4902-9B31-F97BB315B8EA}.Debug|Any CPU.ActiveCfg = Debug|Any CPU
		{733F5664-62B7-4902-9B31-F97BB315B8EA}.Debug|Any CPU.Build.0 = Debug|Any CPU
		{733F5664-62B7-4902-9B31-F97BB315B8EA}.Release|Any CPU.ActiveCfg = Release|Any CPU
		{733F5664-62B7-4902-9B31-F97BB315B8EA}.Release|Any CPU.Build.0 = Release|Any CPU
	EndGlobalSection
	GlobalSection(SolutionProperties) = preSolution
		HideSolutionNode = FALSE
	EndGlobalSection
	GlobalSection(ExtensibilityGlobals) = postSolution
		SolutionGuid = {8CCB2B69-C935-4796-B86C-F0C738B4D5AF}
	EndGlobalSection
EndGlobal
